
Microsoft Visual Studio Solution File, Format Version 12.00
# Visual Studio Version 17
VisualStudioVersion = 17.0.31903.59
MinimumVisualStudioVersion = 10.0.40219.1
Project("{FAE04EC0-301F-11D3-BF4B-00C04F79EFBC}") = "lib", "lib\lib.csproj", "{0129FBF1-F102-42BC-9FE8-5D6CD329FAD6}"
EndProject
Project("{FAE04EC0-301F-11D3-BF4B-00C04F79EFBC}") = "tests", "tests\tests.csproj", "{2CCAF2E5-9FF3-41AB-8078-C139CAC5FEEC}"
EndProject
Global
	GlobalSection(SolutionConfigurationPlatforms) = preSolution
		Debug|Any CPU = Debug|Any CPU
		Release|Any CPU = Release|Any CPU
	EndGlobalSection
	GlobalSection(SolutionProperties) = preSolution
		HideSolutionNode = FALSE
	EndGlobalSection
	GlobalSection(ProjectConfigurationPlatforms) = postSolution
		{0129FBF1-F102-42BC-9FE8-5D6CD329FAD6}.Debug|Any CPU.ActiveCfg = Debug|Any CPU
		{0129FBF1-F102-42BC-9FE8-5D6CD329FAD6}.Debug|Any CPU.Build.0 = Debug|Any CPU
		{0129FBF1-F102-42BC-9FE8-5D6CD329FAD6}.Release|Any CPU.ActiveCfg = Release|Any CPU
		{0129FBF1-F102-42BC-9FE8-5D6CD329FAD6}.Release|Any CPU.Build.0 = Release|Any CPU
		{2CCAF2E5-9FF3-41AB-8078-C139CAC5FEEC}.Debug|Any CPU.ActiveCfg = Debug|Any CPU
		{2CCAF2E5-9FF3-41AB-8078-C139CAC5FEEC}.Debug|Any CPU.Build.0 = Debug|Any CPU
		{2CCAF2E5-9FF3-41AB-8078-C139CAC5FEEC}.Release|Any CPU.ActiveCfg = Release|Any CPU
		{2CCAF2E5-9FF3-41AB-8078-C139CAC5FEEC}.Release|Any CPU.Build.0 = Release|Any CPU
	EndGlobalSection
EndGlobal
